
Microsoft Visual Studio Solution File, Format Version 12.00
# Visual Studio Version 16
VisualStudioVersion = 16.0.30114.105
MinimumVisualStudioVersion = 10.0.40219.1
Project("{FAE04EC0-301F-11D3-BF4B-00C04F79EFBC}") = "ConsoleUI", "ConsoleUI\ConsoleUI.csproj", "{0AC8987E-FA79-4595-B0F8-004E3F23BFBA}"
EndProject
Project("{FAE04EC0-301F-11D3-BF4B-00C04F79EFBC}") = "AdvancedTopicsYT", "AdvancedTopicsYT\AdvancedTopicsYT.csproj", "{8A0F69A9-BCB3-4D1E-BC30-3391C8123067}"
EndProject
Project("{FAE04EC0-301F-11D3-BF4B-00C04F79EFBC}") = "Algorithms", "Algorithms\Algorithms.csproj", "{6DD05FA5-FFE0-4B69-BC39-F09D45A671AE}"
EndProject
Global
	GlobalSection(SolutionConfigurationPlatforms) = preSolution
		Debug|Any CPU = Debug|Any CPU
		Debug|x64 = Debug|x64
		Debug|x86 = Debug|x86
		Release|Any CPU = Release|Any CPU
		Release|x64 = Release|x64
		Release|x86 = Release|x86
	EndGlobalSection
	GlobalSection(SolutionProperties) = preSolution
		HideSolutionNode = FALSE
	EndGlobalSection
	GlobalSection(ProjectConfigurationPlatforms) = postSolution
		{0AC8987E-FA79-4595-B0F8-004E3F23BFBA}.Debug|Any CPU.ActiveCfg = Debug|Any CPU
		{0AC8987E-FA79-4595-B0F8-004E3F23BFBA}.Debug|Any CPU.Build.0 = Debug|Any CPU
		{0AC8987E-FA79-4595-B0F8-004E3F23BFBA}.Debug|x64.ActiveCfg = Debug|Any CPU
		{0AC8987E-FA79-4595-B0F8-004E3F23BFBA}.Debug|x64.Build.0 = Debug|Any CPU
		{0AC8987E-FA79-4595-B0F8-004E3F23BFBA}.Debug|x86.ActiveCfg = Debug|Any CPU
		{0AC8987E-FA79-4595-B0F8-004E3F23BFBA}.Debug|x86.Build.0 = Debug|Any CPU
		{0AC8987E-FA79-4595-B0F8-004E3F23BFBA}.Release|Any CPU.ActiveCfg = Release|Any CPU
		{0AC8987E-FA79-4595-B0F8-004E3F23BFBA}.Release|Any CPU.Build.0 = Release|Any CPU
		{0AC8987E-FA79-4595-B0F8-004E3F23BFBA}.Release|x64.ActiveCfg = Release|Any CPU
		{0AC8987E-FA79-4595-B0F8-004E3F23BFBA}.Release|x64.Build.0 = Release|Any CPU
		{0AC8987E-FA79-4595-B0F8-004E3F23BFBA}.Release|x86.ActiveCfg = Release|Any CPU
		{0AC8987E-FA79-4595-B0F8-004E3F23BFBA}.Release|x86.Build.0 = Release|Any CPU
		{8A0F69A9-BCB3-4D1E-BC30-3391C8123067}.Debug|Any CPU.ActiveCfg = Debug|Any CPU
		{8A0F69A9-BCB3-4D1E-BC30-3391C8123067}.Debug|Any CPU.Build.0 = Debug|Any CPU
		{8A0F69A9-BCB3-4D1E-BC30-3391C8123067}.Debug|x64.ActiveCfg = Debug|Any CPU
		{8A0F69A9-BCB3-4D1E-BC30-3391C8123067}.Debug|x64.Build.0 = Debug|Any CPU
		{8A0F69A9-BCB3-4D1E-BC30-3391C8123067}.Debug|x86.ActiveCfg = Debug|Any CPU
		{8A0F69A9-BCB3-4D1E-BC30-3391C8123067}.Debug|x86.Build.0 = Debug|Any CPU
		{8A0F69A9-BCB3-4D1E-BC30-3391C8123067}.Release|Any CPU.ActiveCfg = Release|Any CPU
		{8A0F69A9-BCB3-4D1E-BC30-3391C8123067}.Release|Any CPU.Build.0 = Release|Any CPU
		{8A0F69A9-BCB3-4D1E-BC30-3391C8123067}.Release|x64.ActiveCfg = Release|Any CPU
		{8A0F69A9-BCB3-4D1E-BC30-3391C8123067}.Release|x64.Build.0 = Release|Any CPU
		{8A0F69A9-BCB3-4D1E-BC30-3391C8123067}.Release|x86.ActiveCfg = Release|Any CPU
		{8A0F69A9-BCB3-4D1E-BC30-3391C8123067}.Release|x86.Build.0 = Release|Any CPU
		{6DD05FA5-FFE0-4B69-BC39-F09D45A671AE}.Debug|Any CPU.ActiveCfg = Debug|Any CPU
		{6DD05FA5-FFE0-4B69-BC39-F09D45A671AE}.Debug|Any CPU.Build.0 = Debug|Any CPU
		{6DD05FA5-FFE0-4B69-BC39-F09D45A671AE}.Debug|x64.ActiveCfg = Debug|Any CPU
		{6DD05FA5-FFE0-4B69-BC39-F09D45A671AE}.Debug|x64.Build.0 = Debug|Any CPU
		{6DD05FA5-FFE0-4B69-BC39-F09D45A671AE}.Debug|x86.ActiveCfg = Debug|Any CPU
		{6DD05FA5-FFE0-4B69-BC39-F09D45A671AE}.Debug|x86.Build.0 = Debug|Any CPU
		{6DD05FA5-FFE0-4B69-BC39-F09D45A671AE}.Release|Any CPU.ActiveCfg = Release|Any CPU
		{6DD05FA5-FFE0-4B69-BC39-F09D45A671AE}.Release|Any CPU.Build.0 = Release|Any CPU
		{6DD05FA5-FFE0-4B69-BC39-F09D45A671AE}.Release|x64.ActiveCfg = Release|Any CPU
		{6DD05FA5-FFE0-4B69-BC39-F09D45A671AE}.Release|x64.Build.0 = Release|Any CPU
		{6DD05FA5-FFE0-4B69-BC39-F09D45A671AE}.Release|x86.ActiveCfg = Release|Any CPU
		{6DD05FA5-FFE0-4B69-BC39-F09D45A671AE}.Release|x86.Build.0 = Release|Any CPU
	EndGlobalSection
EndGlobal
